// !$*UTF8*$!
{
	archiveVersion = 1;
	classes = {
	};
	objectVersion = 55;
	objects = {

/* Begin PBXBuildFile section */
		38F8ECA927E13841006FD47F /* NoteTestTaskApp.swift in Sources */ = {isa = PBXBuildFile; fileRef = 38F8ECA827E13841006FD47F /* NoteTestTaskApp.swift */; };
		38F8ECAB27E13841006FD47F /* MainView.swift in Sources */ = {isa = PBXBuildFile; fileRef = 38F8ECAA27E13841006FD47F /* MainView.swift */; };
		38F8ECAD27E13843006FD47F /* Assets.xcassets in Resources */ = {isa = PBXBuildFile; fileRef = 38F8ECAC27E13843006FD47F /* Assets.xcassets */; };
		38F8ECB027E13843006FD47F /* Preview Assets.xcassets in Resources */ = {isa = PBXBuildFile; fileRef = 38F8ECAF27E13843006FD47F /* Preview Assets.xcassets */; };
		38F8ECBA27E13917006FD47F /* SettingsView.swift in Sources */ = {isa = PBXBuildFile; fileRef = 38F8ECB927E13917006FD47F /* SettingsView.swift */; };
		38F8ECBC27E1393D006FD47F /* EditView.swift in Sources */ = {isa = PBXBuildFile; fileRef = 38F8ECBB27E1393D006FD47F /* EditView.swift */; };
		38F8ECBE27E13957006FD47F /* MainController.swift in Sources */ = {isa = PBXBuildFile; fileRef = 38F8ECBD27E13957006FD47F /* MainController.swift */; };
		38F8ECC027E13979006FD47F /* MainModel.swift in Sources */ = {isa = PBXBuildFile; fileRef = 38F8ECBF27E13979006FD47F /* MainModel.swift */; };
/* End PBXBuildFile section */

/* Begin PBXFileReference section */
		38F8ECA527E13841006FD47F /* NoteTestTask.app */ = {isa = PBXFileReference; explicitFileType = wrapper.application; includeInIndex = 0; path = NoteTestTask.app; sourceTree = BUILT_PRODUCTS_DIR; };
		38F8ECA827E13841006FD47F /* NoteTestTaskApp.swift */ = {isa = PBXFileReference; lastKnownFileType = sourcecode.swift; path = NoteTestTaskApp.swift; sourceTree = "<group>"; };
		38F8ECAA27E13841006FD47F /* MainView.swift */ = {isa = PBXFileReference; lastKnownFileType = sourcecode.swift; path = MainView.swift; sourceTree = "<group>"; };
		38F8ECAC27E13843006FD47F /* Assets.xcassets */ = {isa = PBXFileReference; lastKnownFileType = folder.assetcatalog; path = Assets.xcassets; sourceTree = "<group>"; };
		38F8ECAF27E13843006FD47F /* Preview Assets.xcassets */ = {isa = PBXFileReference; lastKnownFileType = folder.assetcatalog; path = "Preview Assets.xcassets"; sourceTree = "<group>"; };
		38F8ECB927E13917006FD47F /* SettingsView.swift */ = {isa = PBXFileReference; lastKnownFileType = sourcecode.swift; path = SettingsView.swift; sourceTree = "<group>"; };
		38F8ECBB27E1393D006FD47F /* EditView.swift */ = {isa = PBXFileReference; lastKnownFileType = sourcecode.swift; path = EditView.swift; sourceTree = "<group>"; };
		38F8ECBD27E13957006FD47F /* MainController.swift */ = {isa = PBXFileReference; lastKnownFileType = sourcecode.swift; path = MainController.swift; sourceTree = "<group>"; };
		38F8ECBF27E13979006FD47F /* MainModel.swift */ = {isa = PBXFileReference; lastKnownFileType = sourcecode.swift; path = MainModel.swift; sourceTree = "<group>"; };
/* End PBXFileReference section */

/* Begin PBXFrameworksBuildPhase section */
		38F8ECA227E13841006FD47F /* Frameworks */ = {
			isa = PBXFrameworksBuildPhase;
			buildActionMask = 2147483647;
			files = (
			);
			runOnlyForDeploymentPostprocessing = 0;
		};
/* End PBXFrameworksBuildPhase section */

/* Begin PBXGroup section */
		38F8EC9C27E13841006FD47F = {
			isa = PBXGroup;
			children = (
				38F8ECA727E13841006FD47F /* NoteTestTask */,
				38F8ECA627E13841006FD47F /* Products */,
			);
			sourceTree = "<group>";
		};
		38F8ECA627E13841006FD47F /* Products */ = {
			isa = PBXGroup;
			children = (
				38F8ECA527E13841006FD47F /* NoteTestTask.app */,
			);
			name = Products;
			sourceTree = "<group>";
		};
		38F8ECA727E13841006FD47F /* NoteTestTask */ = {
			isa = PBXGroup;
			children = (
				38F8ECA827E13841006FD47F /* NoteTestTaskApp.swift */,
				38F8ECB827E138A5006FD47F /* Model */,
				38F8ECB727E1389F006FD47F /* View */,
				38F8ECB627E1387B006FD47F /* Controller */,
				38F8ECAE27E13843006FD47F /* Preview Content */,
			);
			path = NoteTestTask;
			sourceTree = "<group>";
		};
		38F8ECAE27E13843006FD47F /* Preview Content */ = {
			isa = PBXGroup;
			children = (
				38F8ECAC27E13843006FD47F /* Assets.xcassets */,
				38F8ECAF27E13843006FD47F /* Preview Assets.xcassets */,
			);
			path = "Preview Content";
			sourceTree = "<group>";
		};
		38F8ECB627E1387B006FD47F /* Controller */ = {
			isa = PBXGroup;
			children = (
				38F8ECBD27E13957006FD47F /* MainController.swift */,
			);
			path = Controller;
			sourceTree = "<group>";
		};
		38F8ECB727E1389F006FD47F /* View */ = {
			isa = PBXGroup;
			children = (
				38F8ECAA27E13841006FD47F /* MainView.swift */,
				38F8ECBB27E1393D006FD47F /* EditView.swift */,
				38F8ECB927E13917006FD47F /* SettingsView.swift */,
			);
			path = View;
			sourceTree = "<group>";
		};
		38F8ECB827E138A5006FD47F /* Model */ = {
			isa = PBXGroup;
			children = (
				38F8ECBF27E13979006FD47F /* MainModel.swift */,
			);
			path = Model;
			sourceTree = "<group>";
		};
/* End PBXGroup section */

/* Begin PBXNativeTarget section */
		38F8ECA427E13841006FD47F /* NoteTestTask */ = {
			isa = PBXNativeTarget;
			buildConfigurationList = 38F8ECB327E13843006FD47F /* Build configuration list for PBXNativeTarget "NoteTestTask" */;
			buildPhases = (
				38F8ECA127E13841006FD47F /* Sources */,
				38F8ECA227E13841006FD47F /* Frameworks */,
				38F8ECA327E13841006FD47F /* Resources */,
			);
			buildRules = (
			);
			dependencies = (
			);
			name = NoteTestTask;
			productName = NoteTestTask;
			productReference = 38F8ECA527E13841006FD47F /* NoteTestTask.app */;
			productType = "com.apple.product-type.application";
		};
/* End PBXNativeTarget section */

/* Begin PBXProject section */
		38F8EC9D27E13841006FD47F /* Project object */ = {
			isa = PBXProject;
			attributes = {
				BuildIndependentTargetsInParallel = 1;
				LastSwiftUpdateCheck = 1320;
				LastUpgradeCheck = 1320;
				TargetAttributes = {
					38F8ECA427E13841006FD47F = {
						CreatedOnToolsVersion = 13.2.1;
					};
				};
			};
			buildConfigurationList = 38F8ECA027E13841006FD47F /* Build configuration list for PBXProject "NoteTestTask" */;
			compatibilityVersion = "Xcode 13.0";
			developmentRegion = en;
			hasScannedForEncodings = 0;
			knownRegions = (
				en,
				Base,
			);
			mainGroup = 38F8EC9C27E13841006FD47F;
			productRefGroup = 38F8ECA627E13841006FD47F /* Products */;
			projectDirPath = "";
			projectRoot = "";
			targets = (
				38F8ECA427E13841006FD47F /* NoteTestTask */,
			);
		};
/* End PBXProject section */

/* Begin PBXResourcesBuildPhase section */
		38F8ECA327E13841006FD47F /* Resources */ = {
			isa = PBXResourcesBuildPhase;
			buildActionMask = 2147483647;
			files = (
				38F8ECB027E13843006FD47F /* Preview Assets.xcassets in Resources */,
				38F8ECAD27E13843006FD47F /* Assets.xcassets in Resources */,
			);
			runOnlyForDeploymentPostprocessing = 0;
		};
/* End PBXResourcesBuildPhase section */

/* Begin PBXSourcesBuildPhase section */
		38F8ECA127E13841006FD47F /* Sources */ = {
			isa = PBXSourcesBuildPhase;
			buildActionMask = 2147483647;
			files = (
				38F8ECBA27E13917006FD47F /* SettingsView.swift in Sources */,
				38F8ECAB27E13841006FD47F /* MainView.swift in Sources */,
				38F8ECC027E13979006FD47F /* MainModel.swift in Sources */,
				38F8ECBC27E1393D006FD47F /* EditView.swift in Sources */,
				38F8ECA927E13841006FD47F /* NoteTestTaskApp.swift in Sources */,
				38F8ECBE27E13957006FD47F /* MainController.swift in Sources */,
			);
			runOnlyForDeploymentPostprocessing = 0;
		};
/* End PBXSourcesBuildPhase section */

/* Begin XCBuildConfiguration section */
		38F8ECB127E13843006FD47F /* Debug */ = {
			isa = XCBuildConfiguration;
			buildSettings = {
				ALWAYS_SEARCH_USER_PATHS = NO;
				CLANG_ANALYZER_NONNULL = YES;
				CLANG_ANALYZER_NUMBER_OBJECT_CONVERSION = YES_AGGRESSIVE;
				CLANG_CXX_LANGUAGE_STANDARD = "gnu++17";
				CLANG_CXX_LIBRARY = "libc++";
				CLANG_ENABLE_MODULES = YES;
				CLANG_ENABLE_OBJC_ARC = YES;
				CLANG_ENABLE_OBJC_WEAK = YES;
				CLANG_WARN_BLOCK_CAPTURE_AUTORELEASING = YES;
				CLANG_WARN_BOOL_CONVERSION = YES;
				CLANG_WARN_COMMA = YES;
				CLANG_WARN_CONSTANT_CONVERSION = YES;
				CLANG_WARN_DEPRECATED_OBJC_IMPLEMENTATIONS = YES;
				CLANG_WARN_DIRECT_OBJC_ISA_USAGE = YES_ERROR;
				CLANG_WARN_DOCUMENTATION_COMMENTS = YES;
				CLANG_WARN_EMPTY_BODY = YES;
				CLANG_WARN_ENUM_CONVERSION = YES;
				CLANG_WARN_INFINITE_RECURSION = YES;
				CLANG_WARN_INT_CONVERSION = YES;
				CLANG_WARN_NON_LITERAL_NULL_CONVERSION = YES;
				CLANG_WARN_OBJC_IMPLICIT_RETAIN_SELF = YES;
				CLANG_WARN_OBJC_LITERAL_CONVERSION = YES;
				CLANG_WARN_OBJC_ROOT_CLASS = YES_ERROR;
				CLANG_WARN_QUOTED_INCLUDE_IN_FRAMEWORK_HEADER = YES;
				CLANG_WARN_RANGE_LOOP_ANALYSIS = YES;
				CLANG_WARN_STRICT_PROTOTYPES = YES;
				CLANG_WARN_SUSPICIOUS_MOVE = YES;
				CLANG_WARN_UNGUARDED_AVAILABILITY = YES_AGGRESSIVE;
				CLANG_WARN_UNREACHABLE_CODE = YES;
				CLANG_WARN__DUPLICATE_METHOD_MATCH = YES;
				COPY_PHASE_STRIP = NO;
				DEBUG_INFORMATION_FORMAT = dwarf;
				ENABLE_STRICT_OBJC_MSGSEND = YES;
				ENABLE_TESTABILITY = YES;
				GCC_C_LANGUAGE_STANDARD = gnu11;
				GCC_DYNAMIC_NO_PIC = NO;
				GCC_NO_COMMON_BLOCKS = YES;
				GCC_OPTIMIZATION_LEVEL = 0;
				GCC_PREPROCESSOR_DEFINITIONS = (
					"DEBUG=1",
					"$(inherited)",
				);
				GCC_WARN_64_TO_32_BIT_CONVERSION = YES;
				GCC_WARN_ABOUT_RETURN_TYPE = YES_ERROR;
				GCC_WARN_UNDECLARED_SELECTOR = YES;
				GCC_WARN_UNINITIALIZED_AUTOS = YES_AGGRESSIVE;
				GCC_WARN_UNUSED_FUNCTION = YES;
				GCC_WARN_UNUSED_VARIABLE = YES;
				IPHONEOS_DEPLOYMENT_TARGET = 15.2;
				MTL_ENABLE_DEBUG_INFO = INCLUDE_SOURCE;
				MTL_FAST_MATH = YES;
				ONLY_ACTIVE_ARCH = YES;
				SDKROOT = iphoneos;
				SWIFT_ACTIVE_COMPILATION_CONDITIONS = DEBUG;
				SWIFT_OPTIMIZATION_LEVEL = "-Onone";
			};
			name = Debug;
		};
		38F8ECB227E13843006FD47F /* Release */ = {
			isa = XCBuildConfiguration;
			buildSettings = {
				ALWAYS_SEARCH_USER_PATHS = NO;
				CLANG_ANALYZER_NONNULL = YES;
				CLANG_ANALYZER_NUMBER_OBJECT_CONVERSION = YES_AGGRESSIVE;
				CLANG_CXX_LANGUAGE_STANDARD = "gnu++17";
				CLANG_CXX_LIBRARY = "libc++";
				CLANG_ENABLE_MODULES = YES;
				CLANG_ENABLE_OBJC_ARC = YES;
				CLANG_ENABLE_OBJC_WEAK = YES;
				CLANG_WARN_BLOCK_CAPTURE_AUTORELEASING = YES;
				CLANG_WARN_BOOL_CONVERSION = YES;
				CLANG_WARN_COMMA = YES;
				CLANG_WARN_CONSTANT_CONVERSION = YES;
				CLANG_WARN_DEPRECATED_OBJC_IMPLEMENTATIONS = YES;
				CLANG_WARN_DIRECT_OBJC_ISA_USAGE = YES_ERROR;
				CLANG_WARN_DOCUMENTATION_COMMENTS = YES;
				CLANG_WARN_EMPTY_BODY = YES;
				CLANG_WARN_ENUM_CONVERSION = YES;
				CLANG_WARN_INFINITE_RECURSION = YES;
				CLANG_WARN_INT_CONVERSION = YES;
				CLANG_WARN_NON_LITERAL_NULL_CONVERSION = YES;
				CLANG_WARN_OBJC_IMPLICIT_RETAIN_SELF = YES;
				CLANG_WARN_OBJC_LITERAL_CONVERSION = YES;
				CLANG_WARN_OBJC_ROOT_CLASS = YES_ERROR;
				CLANG_WARN_QUOTED_INCLUDE_IN_FRAMEWORK_HEADER = YES;
				CLANG_WARN_RANGE_LOOP_ANALYSIS = YES;
				CLANG_WARN_STRICT_PROTOTYPES = YES;
				CLANG_WARN_SUSPICIOUS_MOVE = YES;
				CLANG_WARN_UNGUARDED_AVAILABILITY = YES_AGGRESSIVE;
				CLANG_WARN_UNREACHABLE_CODE = YES;
				CLANG_WARN__DUPLICATE_METHOD_MATCH = YES;
				COPY_PHASE_STRIP = NO;
				DEBUG_INFORMATION_FORMAT = "dwarf-with-dsym";
				ENABLE_NS_ASSERTIONS = NO;
				ENABLE_STRICT_OBJC_MSGSEND = YES;
				GCC_C_LANGUAGE_STANDARD = gnu11;
				GCC_NO_COMMON_BLOCKS = YES;
				GCC_WARN_64_TO_32_BIT_CONVERSION = YES;
				GCC_WARN_ABOUT_RETURN_TYPE = YES_ERROR;
				GCC_WARN_UNDECLARED_SELECTOR = YES;
				GCC_WARN_UNINITIALIZED_AUTOS = YES_AGGRESSIVE;
				GCC_WARN_UNUSED_FUNCTION = YES;
				GCC_WARN_UNUSED_VARIABLE = YES;
				IPHONEOS_DEPLOYMENT_TARGET = 15.2;
				MTL_ENABLE_DEBUG_INFO = NO;
				MTL_FAST_MATH = YES;
				SDKROOT = iphoneos;
				SWIFT_COMPILATION_MODE = wholemodule;
				SWIFT_OPTIMIZATION_LEVEL = "-O";
				VALIDATE_PRODUCT = YES;
			};
			name = Release;
		};
		38F8ECB427E13843006FD47F /* Debug */ = {
			isa = XCBuildConfiguration;
			buildSettings = {
				ASSETCATALOG_COMPILER_APPICON_NAME = AppIcon;
				ASSETCATALOG_COMPILER_GLOBAL_ACCENT_COLOR_NAME = AccentColor;
				CODE_SIGN_STYLE = Automatic;
				CURRENT_PROJECT_VERSION = 1;
				DEVELOPMENT_ASSET_PATHS = "\"NoteTestTask/Preview Content\"";
				DEVELOPMENT_TEAM = 3PQ52R8GJN;
				ENABLE_PREVIEWS = YES;
				GENERATE_INFOPLIST_FILE = YES;
				INFOPLIST_KEY_UIApplicationSceneManifest_Generation = YES;
				INFOPLIST_KEY_UIApplicationSupportsIndirectInputEvents = YES;
				INFOPLIST_KEY_UILaunchScreen_Generation = YES;
				INFOPLIST_KEY_UISupportedInterfaceOrientations_iPad = "UIInterfaceOrientationPortrait UIInterfaceOrientationPortraitUpsideDown UIInterfaceOrientationLandscapeLeft UIInterfaceOrientationLandscapeRight";
				INFOPLIST_KEY_UISupportedInterfaceOrientations_iPhone = "UIInterfaceOrientationPortrait UIInterfaceOrientationLandscapeLeft UIInterfaceOrientationLandscapeRight";
				LD_RUNPATH_SEARCH_PATHS = (
					"$(inherited)",
					"@executable_path/Frameworks",
				);
				MARKETING_VERSION = 1.0;
				PRODUCT_BUNDLE_IDENTIFIER = dysssya.NoteTestTask;
				PRODUCT_NAME = "$(TARGET_NAME)";
				SWIFT_EMIT_LOC_STRINGS = YES;
				SWIFT_VERSION = 5.0;
				TARGETED_DEVICE_FAMILY = "1,2";
			};
			name = Debug;
		};
		38F8ECB527E13843006FD47F /* Release */ = {
			isa = XCBuildConfiguration;
			buildSettings = {
				ASSETCATALOG_COMPILER_APPICON_NAME = AppIcon;
				ASSETCATALOG_COMPILER_GLOBAL_ACCENT_COLOR_NAME = AccentColor;
				CODE_SIGN_STYLE = Automatic;
				CURRENT_PROJECT_VERSION = 1;
				DEVELOPMENT_ASSET_PATHS = "\"NoteTestTask/Preview Content\"";
				DEVELOPMENT_TEAM = 3PQ52R8GJN;
				ENABLE_PREVIEWS = YES;
				GENERATE_INFOPLIST_FILE = YES;
				INFOPLIST_KEY_UIApplicationSceneManifest_Generation = YES;
				INFOPLIST_KEY_UIApplicationSupportsIndirectInputEvents = YES;
				INFOPLIST_KEY_UILaunchScreen_Generation = YES;
				INFOPLIST_KEY_UISupportedInterfaceOrientations_iPad = "UIInterfaceOrientationPortrait UIInterfaceOrientationPortraitUpsideDown UIInterfaceOrientationLandscapeLeft UIInterfaceOrientationLandscapeRight";
				INFOPLIST_KEY_UISupportedInterfaceOrientations_iPhone = "UIInterfaceOrientationPortrait UIInterfaceOrientationLandscapeLeft UIInterfaceOrientationLandscapeRight";
				LD_RUNPATH_SEARCH_PATHS = (
					"$(inherited)",
					"@executable_path/Frameworks",
				);
				MARKETING_VERSION = 1.0;
				PRODUCT_BUNDLE_IDENTIFIER = dysssya.NoteTestTask;
				PRODUCT_NAME = "$(TARGET_NAME)";
				SWIFT_EMIT_LOC_STRINGS = YES;
				SWIFT_VERSION = 5.0;
				TARGETED_DEVICE_FAMILY = "1,2";
			};
			name = Release;
		};
/* End XCBuildConfiguration section */

/* Begin XCConfigurationList section */
		38F8ECA027E13841006FD47F /* Build configuration list for PBXProject "NoteTestTask" */ = {
			isa = XCConfigurationList;
			buildConfigurations = (
				38F8ECB127E13843006FD47F /* Debug */,
				38F8ECB227E13843006FD47F /* Release */,
			);
			defaultConfigurationIsVisible = 0;
			defaultConfigurationName = Release;
		};
		38F8ECB327E13843006FD47F /* Build configuration list for PBXNativeTarget "NoteTestTask" */ = {
			isa = XCConfigurationList;
			buildConfigurations = (
				38F8ECB427E13843006FD47F /* Debug */,
				38F8ECB527E13843006FD47F /* Release */,
			);
			defaultConfigurationIsVisible = 0;
			defaultConfigurationName = Release;
		};
/* End XCConfigurationList section */
	};
	rootObject = 38F8EC9D27E13841006FD47F /* Project object */;
}
